
Microsoft Visual Studio Solution File, Format Version 12.00
# Visual Studio Version 17
VisualStudioVersion = 17.0.31903.59
MinimumVisualStudioVersion = 10.0.40219.1
Project("{2150E333-8FDC-42A3-9474-1A3956D46DE8}") = "src", "src", "{45927342-E20D-4667-9899-59F2396BE022}"
EndProject
Project("{FAE04EC0-301F-11D3-BF4B-00C04F79EFBC}") = "Ecommerce.Api", "src\Ecommerce.Api\Ecommerce.Api.csproj", "{64B2C865-FDDA-414F-B3BD-D94284DD87A3}"
EndProject
Global
	GlobalSection(SolutionConfigurationPlatforms) = preSolution
		Debug|Any CPU = Debug|Any CPU
		Release|Any CPU = Release|Any CPU
	EndGlobalSection
	GlobalSection(SolutionProperties) = preSolution
		HideSolutionNode = FALSE
	EndGlobalSection
	GlobalSection(ProjectConfigurationPlatforms) = postSolution
		{64B2C865-FDDA-414F-B3BD-D94284DD87A3}.Debug|Any CPU.ActiveCfg = Debug|Any CPU
		{64B2C865-FDDA-414F-B3BD-D94284DD87A3}.Debug|Any CPU.Build.0 = Debug|Any CPU
		{64B2C865-FDDA-414F-B3BD-D94284DD87A3}.Release|Any CPU.ActiveCfg = Release|Any CPU
		{64B2C865-FDDA-414F-B3BD-D94284DD87A3}.Release|Any CPU.Build.0 = Release|Any CPU
	EndGlobalSection
	GlobalSection(NestedProjects) = preSolution
		{64B2C865-FDDA-414F-B3BD-D94284DD87A3} = {45927342-E20D-4667-9899-59F2396BE022}
	EndGlobalSection
EndGlobal
